
Microsoft Visual Studio Solution File, Format Version 12.00
Project("{FAE04EC0-301F-11D3-BF4B-00C04F79EFBC}") = "dotnet playground", "dotnet playground\dotnet playground.csproj", "{398AF441-F93D-4FD2-8D8F-A80EE2778E2D}"
EndProject
Project("{FAE04EC0-301F-11D3-BF4B-00C04F79EFBC}") = "Project Reference", "Project Reference\Project Reference.csproj", "{C8531D40-890D-4D58-AB0A-5794ACD8B3EB}"
EndProject
Global
	GlobalSection(SolutionConfigurationPlatforms) = preSolution
		Debug|Any CPU = Debug|Any CPU
		Release|Any CPU = Release|Any CPU
	EndGlobalSection
	GlobalSection(ProjectConfigurationPlatforms) = postSolution
		{398AF441-F93D-4FD2-8D8F-A80EE2778E2D}.Debug|Any CPU.ActiveCfg = Debug|Any CPU
		{398AF441-F93D-4FD2-8D8F-A80EE2778E2D}.Debug|Any CPU.Build.0 = Debug|Any CPU
		{398AF441-F93D-4FD2-8D8F-A80EE2778E2D}.Release|Any CPU.ActiveCfg = Release|Any CPU
		{398AF441-F93D-4FD2-8D8F-A80EE2778E2D}.Release|Any CPU.Build.0 = Release|Any CPU
		{C8531D40-890D-4D58-AB0A-5794ACD8B3EB}.Debug|Any CPU.ActiveCfg = Debug|Any CPU
		{C8531D40-890D-4D58-AB0A-5794ACD8B3EB}.Debug|Any CPU.Build.0 = Debug|Any CPU
		{C8531D40-890D-4D58-AB0A-5794ACD8B3EB}.Release|Any CPU.ActiveCfg = Release|Any CPU
		{C8531D40-890D-4D58-AB0A-5794ACD8B3EB}.Release|Any CPU.Build.0 = Release|Any CPU
	EndGlobalSection
EndGlobal
